<?xml version="1.0" encoding="utf-8"?>
<Project ToolsVersion="4.0" xmlns="http://schemas.microsoft.com/developer/msbuild/2003">
  <ItemGroup>
    <Filter Include="源文件">
      <UniqueIdentifier>{4FC737F1-C7A5-4376-A066-2A32D752A2FF}</UniqueIdentifier>
      <Extensions>cpp;c;cc;cxx;def;odl;idl;hpj;bat;asm;asmx</Extensions>
    </Filter>
    <Filter Include="asset">
      <UniqueIdentifier>{ccb18ac7-6a66-4b72-9b7f-4c3a84f43721}</UniqueIdentifier>
    </Filter>
  </ItemGroup>
  <ItemGroup>
    <ClCompile Include="Drawpoint.cpp">
      <Filter>源文件</Filter>
    </ClCompile>
    <ClCompile Include="Geass.cpp">
      <Filter>源文件</Filter>
    </ClCompile>
    <ClCompile Include="move.cpp">
      <Filter>源文件</Filter>
    </ClCompile>
    <ClCompile Include="GeassMain.cpp">
      <Filter>源文件</Filter>
    </ClCompile>
    <ClCompile Include="DrawOpenGL.cpp">
      <Filter>源文件</Filter>
    </ClCompile>
    <ClCompile Include="LoadModel.cpp">
      <Filter>源文件</Filter>
    </ClCompile>
    <ClCompile Include="SimpleShow.c">
      <Filter>源文件</Filter>
    </ClCompile>
  </ItemGroup>
  <ItemGroup>
    <ClInclude Include="Geass.h">
      <Filter>源文件</Filter>
    </ClInclude>
    <ClInclude Include="DrawOpenGL.h">
      <Filter>源文件</Filter>
    </ClInclude>
    <ClInclude Include="LoadModel.h">
      <Filter>源文件</Filter>
    </ClInclude>
    <ClInclude Include="resource.h" />
  </ItemGroup>
  <ItemGroup>
    <ResourceCompile Include="OpenglStudy.rc" />
  </ItemGroup>
  <ItemGroup>
    <None Include="assets\obj1_model.plg">
      <Filter>asset</Filter>
    </None>
  </ItemGroup>
</Project>